
Microsoft Visual Studio Solution File, Format Version 12.00
# Visual Studio 15
VisualStudioVersion = 15.0.28307.645
MinimumVisualStudioVersion = 10.0.40219.1
Project("{FAE04EC0-301F-11D3-BF4B-00C04F79EFBC}") = "Abstract", "Abstract\Abstract.csproj", "{B5B6AFE1-5713-49D3-8B86-F1E0F33BADCF}"
EndProject
Global
	GlobalSection(SolutionConfigurationPlatforms) = preSolution
		Debug|Any CPU = Debug|Any CPU
		Release|Any CPU = Release|Any CPU
	EndGlobalSection
	GlobalSection(ProjectConfigurationPlatforms) = postSolution
		{B5B6AFE1-5713-49D3-8B86-F1E0F33BADCF}.Debug|Any CPU.ActiveCfg = Debug|Any CPU
		{B5B6AFE1-5713-49D3-8B86-F1E0F33BADCF}.Debug|Any CPU.Build.0 = Debug|Any CPU
		{B5B6AFE1-5713-49D3-8B86-F1E0F33BADCF}.Release|Any CPU.ActiveCfg = Release|Any CPU
		{B5B6AFE1-5713-49D3-8B86-F1E0F33BADCF}.Release|Any CPU.Build.0 = Release|Any CPU
	EndGlobalSection
	GlobalSection(SolutionProperties) = preSolution
		HideSolutionNode = FALSE
	EndGlobalSection
	GlobalSection(ExtensibilityGlobals) = postSolution
		SolutionGuid = {D33143CE-113B-48CC-B45E-E85D354B08EC}
	EndGlobalSection
EndGlobal
