
Microsoft Visual Studio Solution File, Format Version 12.00
# Visual Studio 15
VisualStudioVersion = 15.0.28307.645
MinimumVisualStudioVersion = 10.0.40219.1
Project("{FAE04EC0-301F-11D3-BF4B-00C04F79EFBC}") = "Task2", "Task2\Task2.csproj", "{E9180053-B1EA-4D47-B9BF-01F7EE139A1C}"
EndProject
Global
	GlobalSection(SolutionConfigurationPlatforms) = preSolution
		Debug|Any CPU = Debug|Any CPU
		Release|Any CPU = Release|Any CPU
	EndGlobalSection
	GlobalSection(ProjectConfigurationPlatforms) = postSolution
		{E9180053-B1EA-4D47-B9BF-01F7EE139A1C}.Debug|Any CPU.ActiveCfg = Debug|Any CPU
		{E9180053-B1EA-4D47-B9BF-01F7EE139A1C}.Debug|Any CPU.Build.0 = Debug|Any CPU
		{E9180053-B1EA-4D47-B9BF-01F7EE139A1C}.Release|Any CPU.ActiveCfg = Release|Any CPU
		{E9180053-B1EA-4D47-B9BF-01F7EE139A1C}.Release|Any CPU.Build.0 = Release|Any CPU
	EndGlobalSection
	GlobalSection(SolutionProperties) = preSolution
		HideSolutionNode = FALSE
	EndGlobalSection
	GlobalSection(ExtensibilityGlobals) = postSolution
		SolutionGuid = {CCEC7FDC-8CB3-41A7-883A-872168554E0C}
	EndGlobalSection
EndGlobal
