
Microsoft Visual Studio Solution File, Format Version 12.00
# Visual Studio 15
VisualStudioVersion = 15.0.28307.645
MinimumVisualStudioVersion = 10.0.40219.1
Project("{FAE04EC0-301F-11D3-BF4B-00C04F79EFBC}") = "Task3", "Task3\Task3.csproj", "{BDC87D05-F7FB-4F70-B5DB-EA6A39C9E7F8}"
EndProject
Project("{FAE04EC0-301F-11D3-BF4B-00C04F79EFBC}") = "ClassCar", "ClassCar\ClassCar.csproj", "{27B3A2E0-5291-4B65-94A0-774C91BA5925}"
EndProject
Global
	GlobalSection(SolutionConfigurationPlatforms) = preSolution
		Debug|Any CPU = Debug|Any CPU
		Release|Any CPU = Release|Any CPU
	EndGlobalSection
	GlobalSection(ProjectConfigurationPlatforms) = postSolution
		{BDC87D05-F7FB-4F70-B5DB-EA6A39C9E7F8}.Debug|Any CPU.ActiveCfg = Debug|Any CPU
		{BDC87D05-F7FB-4F70-B5DB-EA6A39C9E7F8}.Debug|Any CPU.Build.0 = Debug|Any CPU
		{BDC87D05-F7FB-4F70-B5DB-EA6A39C9E7F8}.Release|Any CPU.ActiveCfg = Release|Any CPU
		{BDC87D05-F7FB-4F70-B5DB-EA6A39C9E7F8}.Release|Any CPU.Build.0 = Release|Any CPU
		{27B3A2E0-5291-4B65-94A0-774C91BA5925}.Debug|Any CPU.ActiveCfg = Debug|Any CPU
		{27B3A2E0-5291-4B65-94A0-774C91BA5925}.Debug|Any CPU.Build.0 = Debug|Any CPU
		{27B3A2E0-5291-4B65-94A0-774C91BA5925}.Release|Any CPU.ActiveCfg = Release|Any CPU
		{27B3A2E0-5291-4B65-94A0-774C91BA5925}.Release|Any CPU.Build.0 = Release|Any CPU
	EndGlobalSection
	GlobalSection(SolutionProperties) = preSolution
		HideSolutionNode = FALSE
	EndGlobalSection
	GlobalSection(ExtensibilityGlobals) = postSolution
		SolutionGuid = {173AF4BC-DFBB-45B7-BBA3-2DEC780F58B7}
	EndGlobalSection
EndGlobal
