
Microsoft Visual Studio Solution File, Format Version 12.00
# Visual Studio 15
VisualStudioVersion = 15.0.28307.645
MinimumVisualStudioVersion = 10.0.40219.1
Project("{FAE04EC0-301F-11D3-BF4B-00C04F79EFBC}") = "file", "File\file.csproj", "{89B2C26F-E51E-4AF8-A025-579530F9CD43}"
EndProject
Global
	GlobalSection(SolutionConfigurationPlatforms) = preSolution
		Debug|Any CPU = Debug|Any CPU
		Release|Any CPU = Release|Any CPU
	EndGlobalSection
	GlobalSection(ProjectConfigurationPlatforms) = postSolution
		{89B2C26F-E51E-4AF8-A025-579530F9CD43}.Debug|Any CPU.ActiveCfg = Debug|Any CPU
		{89B2C26F-E51E-4AF8-A025-579530F9CD43}.Debug|Any CPU.Build.0 = Debug|Any CPU
		{89B2C26F-E51E-4AF8-A025-579530F9CD43}.Release|Any CPU.ActiveCfg = Release|Any CPU
		{89B2C26F-E51E-4AF8-A025-579530F9CD43}.Release|Any CPU.Build.0 = Release|Any CPU
	EndGlobalSection
	GlobalSection(SolutionProperties) = preSolution
		HideSolutionNode = FALSE
	EndGlobalSection
	GlobalSection(ExtensibilityGlobals) = postSolution
		SolutionGuid = {73043358-AB12-49EB-86D2-ED6A3C9058D6}
	EndGlobalSection
EndGlobal
