
Microsoft Visual Studio Solution File, Format Version 12.00
# Visual Studio 15
VisualStudioVersion = 15.0.28307.645
MinimumVisualStudioVersion = 10.0.40219.1
Project("{FAE04EC0-301F-11D3-BF4B-00C04F79EFBC}") = "Phones", "Phones\Phones.csproj", "{586C6958-9A45-4C28-95B9-139EAB329F1E}"
EndProject
Project("{FAE04EC0-301F-11D3-BF4B-00C04F79EFBC}") = "UnitTestProject1ov", "UnitTestProject1ov\UnitTestProject1ov.csproj", "{DB12777F-69B5-4192-B21B-F7AFB9622137}"
EndProject
Project("{FAE04EC0-301F-11D3-BF4B-00C04F79EFBC}") = "NUnitTestProject1ov", "NUnitTestProject1ov\NUnitTestProject1ov.csproj", "{4E6A0028-9F0E-4C15-8EDE-E90AF0C68328}"
EndProject
Global
	GlobalSection(SolutionConfigurationPlatforms) = preSolution
		Debug|Any CPU = Debug|Any CPU
		Release|Any CPU = Release|Any CPU
	EndGlobalSection
	GlobalSection(ProjectConfigurationPlatforms) = postSolution
		{586C6958-9A45-4C28-95B9-139EAB329F1E}.Debug|Any CPU.ActiveCfg = Debug|Any CPU
		{586C6958-9A45-4C28-95B9-139EAB329F1E}.Debug|Any CPU.Build.0 = Debug|Any CPU
		{586C6958-9A45-4C28-95B9-139EAB329F1E}.Release|Any CPU.ActiveCfg = Release|Any CPU
		{586C6958-9A45-4C28-95B9-139EAB329F1E}.Release|Any CPU.Build.0 = Release|Any CPU
		{DB12777F-69B5-4192-B21B-F7AFB9622137}.Debug|Any CPU.ActiveCfg = Debug|Any CPU
		{DB12777F-69B5-4192-B21B-F7AFB9622137}.Debug|Any CPU.Build.0 = Debug|Any CPU
		{DB12777F-69B5-4192-B21B-F7AFB9622137}.Release|Any CPU.ActiveCfg = Release|Any CPU
		{DB12777F-69B5-4192-B21B-F7AFB9622137}.Release|Any CPU.Build.0 = Release|Any CPU
		{4E6A0028-9F0E-4C15-8EDE-E90AF0C68328}.Debug|Any CPU.ActiveCfg = Debug|Any CPU
		{4E6A0028-9F0E-4C15-8EDE-E90AF0C68328}.Debug|Any CPU.Build.0 = Debug|Any CPU
		{4E6A0028-9F0E-4C15-8EDE-E90AF0C68328}.Release|Any CPU.ActiveCfg = Release|Any CPU
		{4E6A0028-9F0E-4C15-8EDE-E90AF0C68328}.Release|Any CPU.Build.0 = Release|Any CPU
	EndGlobalSection
	GlobalSection(SolutionProperties) = preSolution
		HideSolutionNode = FALSE
	EndGlobalSection
	GlobalSection(ExtensibilityGlobals) = postSolution
		SolutionGuid = {5D00E93A-1B5C-447B-AF1C-C37060D3C940}
	EndGlobalSection
EndGlobal
