
Microsoft Visual Studio Solution File, Format Version 12.00
# Visual Studio 15
VisualStudioVersion = 15.0.28307.645
MinimumVisualStudioVersion = 10.0.40219.1
Project("{FAE04EC0-301F-11D3-BF4B-00C04F79EFBC}") = "GenericTask", "GenericTask\GenericTask.csproj", "{24E4577C-CDAC-43F8-B4FD-5AD4D5EFAB82}"
EndProject
Global
	GlobalSection(SolutionConfigurationPlatforms) = preSolution
		Debug|Any CPU = Debug|Any CPU
		Release|Any CPU = Release|Any CPU
	EndGlobalSection
	GlobalSection(ProjectConfigurationPlatforms) = postSolution
		{24E4577C-CDAC-43F8-B4FD-5AD4D5EFAB82}.Debug|Any CPU.ActiveCfg = Debug|Any CPU
		{24E4577C-CDAC-43F8-B4FD-5AD4D5EFAB82}.Debug|Any CPU.Build.0 = Debug|Any CPU
		{24E4577C-CDAC-43F8-B4FD-5AD4D5EFAB82}.Release|Any CPU.ActiveCfg = Release|Any CPU
		{24E4577C-CDAC-43F8-B4FD-5AD4D5EFAB82}.Release|Any CPU.Build.0 = Release|Any CPU
	EndGlobalSection
	GlobalSection(SolutionProperties) = preSolution
		HideSolutionNode = FALSE
	EndGlobalSection
	GlobalSection(ExtensibilityGlobals) = postSolution
		SolutionGuid = {2BC03091-AA7D-4B12-8BAD-D89C1037C476}
	EndGlobalSection
EndGlobal
