
Microsoft Visual Studio Solution File, Format Version 12.00
# Visual Studio 15
VisualStudioVersion = 15.0.28307.645
MinimumVisualStudioVersion = 10.0.40219.1
Project("{FAE04EC0-301F-11D3-BF4B-00C04F79EFBC}") = "linq", "linq\linq.csproj", "{A354F9A9-D537-4537-8CA7-BE6B15AB385C}"
EndProject
Global
	GlobalSection(SolutionConfigurationPlatforms) = preSolution
		Debug|Any CPU = Debug|Any CPU
		Release|Any CPU = Release|Any CPU
	EndGlobalSection
	GlobalSection(ProjectConfigurationPlatforms) = postSolution
		{A354F9A9-D537-4537-8CA7-BE6B15AB385C}.Debug|Any CPU.ActiveCfg = Debug|Any CPU
		{A354F9A9-D537-4537-8CA7-BE6B15AB385C}.Debug|Any CPU.Build.0 = Debug|Any CPU
		{A354F9A9-D537-4537-8CA7-BE6B15AB385C}.Release|Any CPU.ActiveCfg = Release|Any CPU
		{A354F9A9-D537-4537-8CA7-BE6B15AB385C}.Release|Any CPU.Build.0 = Release|Any CPU
	EndGlobalSection
	GlobalSection(SolutionProperties) = preSolution
		HideSolutionNode = FALSE
	EndGlobalSection
	GlobalSection(ExtensibilityGlobals) = postSolution
		SolutionGuid = {D2037018-16EC-43FB-9991-A78619224A42}
	EndGlobalSection
EndGlobal
